
Microsoft Visual Studio Solution File, Format Version 12.00
# Visual Studio Version 17
VisualStudioVersion = 17.9.34728.123
MinimumVisualStudioVersion = 10.0.40219.1
Project("{9A19103F-16F7-4668-BE54-9A1E7A4F7556}") = "MailtrapClient", "MailtrapClient\MailtrapClient.csproj", "{62FC70FB-DE4A-430F-8514-13B4D0021B9C}"
EndProject
Project("{9A19103F-16F7-4668-BE54-9A1E7A4F7556}") = "WebMailtrapApi", "WebMailtrapApi\WebMailtrapApi.csproj", "{5E2EBAE7-94B8-4600-93D5-471C86935BB2}"
EndProject
Project("{FAE04EC0-301F-11D3-BF4B-00C04F79EFBC}") = "MailtrapClient.Tests", "MailtrapClient.Tests\MailtrapClient.Tests.csproj", "{190F1A69-D85C-42DA-9C45-3847B3B4FAEC}"
EndProject
Global
	GlobalSection(SolutionConfigurationPlatforms) = preSolution
		Debug|Any CPU = Debug|Any CPU
		Release|Any CPU = Release|Any CPU
	EndGlobalSection
	GlobalSection(ProjectConfigurationPlatforms) = postSolution
		{62FC70FB-DE4A-430F-8514-13B4D0021B9C}.Debug|Any CPU.ActiveCfg = Debug|Any CPU
		{62FC70FB-DE4A-430F-8514-13B4D0021B9C}.Debug|Any CPU.Build.0 = Debug|Any CPU
		{62FC70FB-DE4A-430F-8514-13B4D0021B9C}.Release|Any CPU.ActiveCfg = Release|Any CPU
		{62FC70FB-DE4A-430F-8514-13B4D0021B9C}.Release|Any CPU.Build.0 = Release|Any CPU
		{5E2EBAE7-94B8-4600-93D5-471C86935BB2}.Debug|Any CPU.ActiveCfg = Debug|Any CPU
		{5E2EBAE7-94B8-4600-93D5-471C86935BB2}.Debug|Any CPU.Build.0 = Debug|Any CPU
		{5E2EBAE7-94B8-4600-93D5-471C86935BB2}.Release|Any CPU.ActiveCfg = Release|Any CPU
		{5E2EBAE7-94B8-4600-93D5-471C86935BB2}.Release|Any CPU.Build.0 = Release|Any CPU
		{190F1A69-D85C-42DA-9C45-3847B3B4FAEC}.Debug|Any CPU.ActiveCfg = Debug|Any CPU
		{190F1A69-D85C-42DA-9C45-3847B3B4FAEC}.Debug|Any CPU.Build.0 = Debug|Any CPU
		{190F1A69-D85C-42DA-9C45-3847B3B4FAEC}.Release|Any CPU.ActiveCfg = Release|Any CPU
		{190F1A69-D85C-42DA-9C45-3847B3B4FAEC}.Release|Any CPU.Build.0 = Release|Any CPU
	EndGlobalSection
	GlobalSection(SolutionProperties) = preSolution
		HideSolutionNode = FALSE
	EndGlobalSection
	GlobalSection(ExtensibilityGlobals) = postSolution
		SolutionGuid = {48A1E0EE-D9E4-4BFD-BBA1-D527DAC62FBE}
	EndGlobalSection
EndGlobal
